{
  "name": "@egret/setup",
  "version": "1.1.3",
  "lockfileVersion": 1,
  "requires": true,
  "dependencies": {
    "@types/fs-extra-promise": {
      "version": "1.0.9",
      "dev": true,
      "requires": {
        "@types/bluebird": "*",
        "@types/fs-extra": "^4",
        "@types/node": "*"
      },
      "dependencies": {
        "@types/bluebird": {
          "version": "3.5.32",
          "resolved": "https://registry.npm.taobao.org/@types/bluebird/download/@types/bluebird-3.5.32.tgz",
          "integrity": "sha1-OB57WeOfAQ0gu/fgROSPXK8atiA=",
          "dev": true
        },
        "@types/fs-extra": {
          "version": "4.0.11",
          "resolved": "https://registry.npm.taobao.org/@types/fs-extra/download/@types/fs-extra-4.0.11.tgz?cache=0&sync_timestamp=1589912820343&other_urls=https%3A%2F%2Fregistry.npm.taobao.org%2F%40types%2Ffs-extra%2Fdownload%2F%40types%2Ffs-extra-4.0.11.tgz",
          "integrity": "sha1-DfmGZKWyfprf21Fk+dC9R1GVaII=",
          "dev": true,
          "requires": {
            "@types/node": "*"
          }
        },
        "@types/node": {
          "version": "14.0.18",
          "resolved": "https://registry.npm.taobao.org/@types/node/download/@types/node-14.0.18.tgz?cache=0&other_urls=https%3A%2F%2Fregistry.npm.taobao.org%2F%40types%2Fnode%2Fdownload%2F%40types%2Fnode-14.0.18.tgz",
          "integrity": "sha1-URGyKFZZRC+flWlzhqK0K4db1+k=",
          "dev": true
        }
      }
    },
    "@types/node": {
      "version": "14.0.14",
      "dev": true
    },
    "ansi-styles": {
      "version": "3.2.1",
      "resolved": "https://registry.npm.taobao.org/ansi-styles/download/ansi-styles-3.2.1.tgz",
      "integrity": "sha1-QfuyAkPlCxK+DwS43tvwdSDOhB0=",
      "requires": {
        "color-convert": "^1.9.0"
      }
    },
    "args": {
      "version": "5.0.1",
      "resolved": "https://registry.npm.taobao.org/args/download/args-5.0.1.tgz",
      "integrity": "sha1-S/KY35CkeZoJUhNixXknjML912E=",
      "requires": {
        "camelcase": "5.0.0",
        "chalk": "2.4.2",
        "leven": "2.1.0",
        "mri": "1.1.4"
      }
    },
    "axios": {
      "version": "0.19.2",
      "requires": {
        "follow-redirects": "1.5.10"
      },
      "dependencies": {
        "debug": {
          "version": "3.1.0",
          "resolved": "https://registry.npm.taobao.org/debug/download/debug-3.1.0.tgz",
          "integrity": "sha1-W7WgZyYotkFJVmuhaBnmFRjGcmE=",
          "requires": {
            "ms": "2.0.0"
          }
        },
        "follow-redirects": {
          "version": "1.5.10",
          "resolved": "https://registry.npm.taobao.org/follow-redirects/download/follow-redirects-1.5.10.tgz?cache=0&sync_timestamp=1592518278637&other_urls=https%3A%2F%2Fregistry.npm.taobao.org%2Ffollow-redirects%2Fdownload%2Ffollow-redirects-1.5.10.tgz",
          "integrity": "sha1-e3qfmuov3/NnhqlP9kPtB/T/Xio=",
          "requires": {
            "debug": "=3.1.0"
          }
        },
        "ms": {
          "version": "2.0.0",
          "resolved": "https://registry.npm.taobao.org/ms/download/ms-2.0.0.tgz?cache=0&sync_timestamp=1575472461218&other_urls=https%3A%2F%2Fregistry.npm.taobao.org%2Fms%2Fdownload%2Fms-2.0.0.tgz",
          "integrity": "sha1-VgiurfwAvmwpAd9fmGF4jeDVl8g="
        }
      }
    },
    "camelcase": {
      "version": "5.0.0",
      "resolved": "https://registry.npm.taobao.org/camelcase/download/camelcase-5.0.0.tgz",
      "integrity": "sha1-AylVJ9WL081Kp1Nj81sujZe+L0I="
    },
    "chalk": {
      "version": "2.4.2",
      "resolved": "https://registry.npm.taobao.org/chalk/download/chalk-2.4.2.tgz?cache=0&sync_timestamp=1591687028262&other_urls=https%3A%2F%2Fregistry.npm.taobao.org%2Fchalk%2Fdownload%2Fchalk-2.4.2.tgz",
      "integrity": "sha1-zUJUFnelQzPPVBpJEIwUMrRMlCQ=",
      "requires": {
        "ansi-styles": "^3.2.1",
        "escape-string-regexp": "^1.0.5",
        "supports-color": "^5.3.0"
      }
    },
    "color-convert": {
      "version": "1.9.3",
      "resolved": "https://registry.npm.taobao.org/color-convert/download/color-convert-1.9.3.tgz",
      "integrity": "sha1-u3GFBpDh8TZWfeYp0tVHHe2kweg=",
      "requires": {
        "color-name": "1.1.3"
      }
    },
    "color-name": {
      "version": "1.1.3",
      "resolved": "https://registry.npm.taobao.org/color-name/download/color-name-1.1.3.tgz",
      "integrity": "sha1-p9BVi9icQveV3UIyj3QIMcpTvCU="
    },
    "cross-spawn": {
      "version": "7.0.3",
      "resolved": "https://registry.npm.taobao.org/cross-spawn/download/cross-spawn-7.0.3.tgz",
      "integrity": "sha1-9zqFudXUHQRVUcF34ogtSshXKKY=",
      "requires": {
        "path-key": "^3.1.0",
        "shebang-command": "^2.0.0",
        "which": "^2.0.1"
      }
    },
    "end-of-stream": {
      "version": "1.4.4",
      "resolved": "https://registry.npm.taobao.org/end-of-stream/download/end-of-stream-1.4.4.tgz",
      "integrity": "sha1-WuZKX0UFe682JuwU2gyl5LJDHrA=",
      "requires": {
        "once": "^1.4.0"
      }
    },
    "escape-string-regexp": {
      "version": "1.0.5",
      "resolved": "https://registry.npm.taobao.org/escape-string-regexp/download/escape-string-regexp-1.0.5.tgz",
      "integrity": "sha1-G2HAViGQqN/2rjuyzwIAyhMLhtQ="
    },
    "execa": {
      "version": "4.0.3",
      "resolved": "https://registry.npm.taobao.org/execa/download/execa-4.0.3.tgz?cache=0&sync_timestamp=1594145111640&other_urls=https%3A%2F%2Fregistry.npm.taobao.org%2Fexeca%2Fdownload%2Fexeca-4.0.3.tgz",
      "integrity": "sha1-CjTau61tZhAL1vLFdshmlAPzF/I=",
      "requires": {
        "cross-spawn": "^7.0.0",
        "get-stream": "^5.0.0",
        "human-signals": "^1.1.1",
        "is-stream": "^2.0.0",
        "merge-stream": "^2.0.0",
        "npm-run-path": "^4.0.0",
        "onetime": "^5.1.0",
        "signal-exit": "^3.0.2",
        "strip-final-newline": "^2.0.0"
      }
    },
    "fs-extra-promise": {
      "version": "1.0.1",
      "requires": {
        "bluebird": "^3.5.0",
        "fs-extra": "^2.1.2"
      },
      "dependencies": {
        "bluebird": {
          "version": "3.7.2",
          "resolved": "https://registry.npm.taobao.org/bluebird/download/bluebird-3.7.2.tgz?cache=0&other_urls=https%3A%2F%2Fregistry.npm.taobao.org%2Fbluebird%2Fdownload%2Fbluebird-3.7.2.tgz",
          "integrity": "sha1-nyKcFb4nJFT/qXOs4NvueaGww28="
        },
        "fs-extra": {
          "version": "2.1.2",
          "resolved": "https://registry.npm.taobao.org/fs-extra/download/fs-extra-2.1.2.tgz?cache=0&sync_timestamp=1591231538901&other_urls=https%3A%2F%2Fregistry.npm.taobao.org%2Ffs-extra%2Fdownload%2Ffs-extra-2.1.2.tgz",
          "integrity": "sha1-BGxwFjzvmq1GsOSn+kZ/si1x3jU=",
          "requires": {
            "graceful-fs": "^4.1.2",
            "jsonfile": "^2.1.0"
          }
        },
        "graceful-fs": {
          "version": "4.2.4",
          "resolved": "https://registry.npm.taobao.org/graceful-fs/download/graceful-fs-4.2.4.tgz?cache=0&sync_timestamp=1588086905523&other_urls=https%3A%2F%2Fregistry.npm.taobao.org%2Fgraceful-fs%2Fdownload%2Fgraceful-fs-4.2.4.tgz",
          "integrity": "sha1-Ila94U02MpWMRl68ltxGfKB6Kfs="
        },
        "jsonfile": {
          "version": "2.4.0",
          "resolved": "https://registry.npm.taobao.org/jsonfile/download/jsonfile-2.4.0.tgz",
          "integrity": "sha1-NzaitCi4e72gzIO1P6PWM6NcKug=",
          "requires": {
            "graceful-fs": "^4.1.6"
          }
        }
      }
    },
    "get-stream": {
      "version": "5.1.0",
      "resolved": "https://registry.npm.taobao.org/get-stream/download/get-stream-5.1.0.tgz",
      "integrity": "sha1-ASA83JJZf5uQkGfD5lbMH008Tck=",
      "requires": {
        "pump": "^3.0.0"
      }
    },
    "has-flag": {
      "version": "3.0.0",
      "resolved": "https://registry.npm.taobao.org/has-flag/download/has-flag-3.0.0.tgz",
      "integrity": "sha1-tdRU3CGZriJWmfNGfloH87lVuv0="
    },
    "human-signals": {
      "version": "1.1.1",
      "resolved": "https://registry.npm.taobao.org/human-signals/download/human-signals-1.1.1.tgz?cache=0&sync_timestamp=1584198706482&other_urls=https%3A%2F%2Fregistry.npm.taobao.org%2Fhuman-signals%2Fdownload%2Fhuman-signals-1.1.1.tgz",
      "integrity": "sha1-xbHNFPUK6uCatsWf5jujOV/k36M="
    },
    "invert-kv": {
      "version": "3.0.1",
      "resolved": "https://registry.npm.taobao.org/invert-kv/download/invert-kv-3.0.1.tgz",
      "integrity": "sha1-qTx6PUOGodyDJbl9qbsWIMAoJSM="
    },
    "is-stream": {
      "version": "2.0.0",
      "resolved": "https://registry.npm.taobao.org/is-stream/download/is-stream-2.0.0.tgz",
      "integrity": "sha1-venDJoDW+uBBKdasnZIc54FfeOM="
    },
    "isexe": {
      "version": "2.0.0",
      "resolved": "https://registry.npm.taobao.org/isexe/download/isexe-2.0.0.tgz",
      "integrity": "sha1-6PvzdNxVb/iUehDcsFctYz8s+hA="
    },
    "lcid": {
      "version": "3.1.1",
      "resolved": "https://registry.npm.taobao.org/lcid/download/lcid-3.1.1.tgz",
      "integrity": "sha1-kDDsR5oFj8NrXoJD66rItqxYL9A=",
      "requires": {
        "invert-kv": "^3.0.0"
      }
    },
    "leven": {
      "version": "2.1.0",
      "resolved": "https://registry.npm.taobao.org/leven/download/leven-2.1.0.tgz",
      "integrity": "sha1-wuep93IJTe6dNCAq6KzORoeHVYA="
    },
    "map-age-cleaner": {
      "version": "0.1.3",
      "resolved": "https://registry.npm.taobao.org/map-age-cleaner/download/map-age-cleaner-0.1.3.tgz",
      "integrity": "sha1-fVg6cwZDTAVf5HSw9FB45uG0uSo=",
      "requires": {
        "p-defer": "^1.0.0"
      }
    },
    "mem": {
      "version": "5.1.1",
      "resolved": "https://registry.npm.taobao.org/mem/download/mem-5.1.1.tgz?cache=0&sync_timestamp=1586703910620&other_urls=https%3A%2F%2Fregistry.npm.taobao.org%2Fmem%2Fdownload%2Fmem-5.1.1.tgz",
      "integrity": "sha1-cFm2e/msLJJMnxz/cVWgZDlK37M=",
      "requires": {
        "map-age-cleaner": "^0.1.3",
        "mimic-fn": "^2.1.0",
        "p-is-promise": "^2.1.0"
      }
    },
    "merge-stream": {
      "version": "2.0.0",
      "resolved": "https://registry.npm.taobao.org/merge-stream/download/merge-stream-2.0.0.tgz",
      "integrity": "sha1-UoI2KaFN0AyXcPtq1H3GMQ8sH2A="
    },
    "mimic-fn": {
      "version": "2.1.0",
      "resolved": "https://registry.npm.taobao.org/mimic-fn/download/mimic-fn-2.1.0.tgz",
      "integrity": "sha1-ftLCzMyvhNP/y3pptXcR/CCDQBs="
    },
    "mri": {
      "version": "1.1.4",
      "resolved": "https://registry.npm.taobao.org/mri/download/mri-1.1.4.tgz",
      "integrity": "sha1-fLHdG5tAkF8frAU6viW2cg9EdEo="
    },
    "npm-run-path": {
      "version": "4.0.1",
      "resolved": "https://registry.npm.taobao.org/npm-run-path/download/npm-run-path-4.0.1.tgz",
      "integrity": "sha1-t+zR5e1T2o43pV4cImnguX7XSOo=",
      "requires": {
        "path-key": "^3.0.0"
      }
    },
    "once": {
      "version": "1.4.0",
      "resolved": "https://registry.npm.taobao.org/once/download/once-1.4.0.tgz",
      "integrity": "sha1-WDsap3WWHUsROsF9nFC6753Xa9E=",
      "requires": {
        "wrappy": "1"
      }
    },
    "onetime": {
      "version": "5.1.0",
      "resolved": "https://registry.npm.taobao.org/onetime/download/onetime-5.1.0.tgz",
      "integrity": "sha1-//DzyRYX/mK7UBiWNumayKbfe+U=",
      "requires": {
        "mimic-fn": "^2.1.0"
      }
    },
    "os-locale": {
      "version": "5.0.0",
      "resolved": "https://registry.npm.taobao.org/os-locale/download/os-locale-5.0.0.tgz",
      "integrity": "sha1-bSbB2Vtll8XVMXv1+6N+zOw2cuA=",
      "requires": {
        "execa": "^4.0.0",
        "lcid": "^3.0.0",
        "mem": "^5.0.0"
      }
    },
    "p-defer": {
      "version": "1.0.0",
      "resolved": "https://registry.npm.taobao.org/p-defer/download/p-defer-1.0.0.tgz",
      "integrity": "sha1-n26xgvbJqozXQwBKfU+WsZaw+ww="
    },
    "p-is-promise": {
      "version": "2.1.0",
      "resolved": "https://registry.npm.taobao.org/p-is-promise/download/p-is-promise-2.1.0.tgz",
      "integrity": "sha1-kYzrrqJIpiz3/6uOO8qMX4gvxC4="
    },
    "path-key": {
      "version": "3.1.1",
      "resolved": "https://registry.npm.taobao.org/path-key/download/path-key-3.1.1.tgz",
      "integrity": "sha1-WB9q3mWMu6ZaDTOA3ndTKVBU83U="
    },
    "pump": {
      "version": "3.0.0",
      "resolved": "https://registry.npm.taobao.org/pump/download/pump-3.0.0.tgz",
      "integrity": "sha1-tKIRaBW94vTh6mAjVOjHVWUQemQ=",
      "requires": {
        "end-of-stream": "^1.1.0",
        "once": "^1.3.1"
      }
    },
    "request": {
      "version": "2.88.2",
      "requires": {
        "aws-sign2": "~0.7.0",
        "aws4": "^1.8.0",
        "caseless": "~0.12.0",
        "combined-stream": "~1.0.6",
        "extend": "~3.0.2",
        "forever-agent": "~0.6.1",
        "form-data": "~2.3.2",
        "har-validator": "~5.1.3",
        "http-signature": "~1.2.0",
        "is-typedarray": "~1.0.0",
        "isstream": "~0.1.2",
        "json-stringify-safe": "~5.0.1",
        "mime-types": "~2.1.19",
        "oauth-sign": "~0.9.0",
        "performance-now": "^2.1.0",
        "qs": "~6.5.2",
        "safe-buffer": "^5.1.2",
        "tough-cookie": "~2.5.0",
        "tunnel-agent": "^0.6.0",
        "uuid": "^3.3.2"
      },
      "dependencies": {
        "ajv": {
          "version": "6.12.3",
          "resolved": "https://registry.npm.taobao.org/ajv/download/ajv-6.12.3.tgz?cache=0&sync_timestamp=1593876991897&other_urls=https%3A%2F%2Fregistry.npm.taobao.org%2Fajv%2Fdownload%2Fajv-6.12.3.tgz",
          "integrity": "sha1-GMWvOKER3etPJpe9eNaKvByr1wY=",
          "requires": {
            "fast-deep-equal": "^3.1.1",
            "fast-json-stable-stringify": "^2.0.0",
            "json-schema-traverse": "^0.4.1",
            "uri-js": "^4.2.2"
          }
        },
        "asn1": {
          "version": "0.2.4",
          "resolved": "https://registry.npm.taobao.org/asn1/download/asn1-0.2.4.tgz",
          "integrity": "sha1-jSR136tVO7M+d7VOWeiAu4ziMTY=",
          "requires": {
            "safer-buffer": "~2.1.0"
          }
        },
        "assert-plus": {
          "version": "1.0.0",
          "resolved": "https://registry.npm.taobao.org/assert-plus/download/assert-plus-1.0.0.tgz",
          "integrity": "sha1-8S4PPF13sLHN2RRpQuTpbB5N1SU="
        },
        "asynckit": {
          "version": "0.4.0",
          "resolved": "https://registry.npm.taobao.org/asynckit/download/asynckit-0.4.0.tgz",
          "integrity": "sha1-x57Zf380y48robyXkLzDZkdLS3k="
        },
        "aws-sign2": {
          "version": "0.7.0",
          "resolved": "https://registry.npm.taobao.org/aws-sign2/download/aws-sign2-0.7.0.tgz",
          "integrity": "sha1-tG6JCTSpWR8tL2+G1+ap8bP+dqg="
        },
        "aws4": {
          "version": "1.10.0",
          "resolved": "https://registry.npm.taobao.org/aws4/download/aws4-1.10.0.tgz",
          "integrity": "sha1-oXs6jqgRBg501H0wYSJACtRJeuI="
        },
        "bcrypt-pbkdf": {
          "version": "1.0.2",
          "resolved": "https://registry.npm.taobao.org/bcrypt-pbkdf/download/bcrypt-pbkdf-1.0.2.tgz",
          "integrity": "sha1-pDAdOJtqQ/m2f/PKEaP2Y342Dp4=",
          "requires": {
            "tweetnacl": "^0.14.3"
          }
        },
        "caseless": {
          "version": "0.12.0",
          "resolved": "https://registry.npm.taobao.org/caseless/download/caseless-0.12.0.tgz",
          "integrity": "sha1-G2gcIf+EAzyCZUMJBolCDRhxUdw="
        },
        "combined-stream": {
          "version": "1.0.8",
          "resolved": "https://registry.npm.taobao.org/combined-stream/download/combined-stream-1.0.8.tgz",
          "integrity": "sha1-w9RaizT9cwYxoRCoolIGgrMdWn8=",
          "requires": {
            "delayed-stream": "~1.0.0"
          }
        },
        "core-util-is": {
          "version": "1.0.2",
          "resolved": "https://registry.npm.taobao.org/core-util-is/download/core-util-is-1.0.2.tgz",
          "integrity": "sha1-tf1UIgqivFq1eqtxQMlAdUUDwac="
        },
        "dashdash": {
          "version": "1.14.1",
          "resolved": "https://registry.npm.taobao.org/dashdash/download/dashdash-1.14.1.tgz",
          "integrity": "sha1-hTz6D3y+L+1d4gMmuN1YEDX24vA=",
          "requires": {
            "assert-plus": "^1.0.0"
          }
        },
        "delayed-stream": {
          "version": "1.0.0",
          "resolved": "https://registry.npm.taobao.org/delayed-stream/download/delayed-stream-1.0.0.tgz",
          "integrity": "sha1-3zrhmayt+31ECqrgsp4icrJOxhk="
        },
        "ecc-jsbn": {
          "version": "0.1.2",
          "resolved": "https://registry.npm.taobao.org/ecc-jsbn/download/ecc-jsbn-0.1.2.tgz",
          "integrity": "sha1-OoOpBOVDUyh4dMVkt1SThoSamMk=",
          "requires": {
            "jsbn": "~0.1.0",
            "safer-buffer": "^2.1.0"
          }
        },
        "extend": {
          "version": "3.0.2",
          "resolved": "https://registry.npm.taobao.org/extend/download/extend-3.0.2.tgz",
          "integrity": "sha1-+LETa0Bx+9jrFAr/hYsQGewpFfo="
        },
        "extsprintf": {
          "version": "1.3.0",
          "resolved": "https://registry.npm.taobao.org/extsprintf/download/extsprintf-1.3.0.tgz",
          "integrity": "sha1-lpGEQOMEGnpBT4xS48V06zw+HgU="
        },
        "fast-deep-equal": {
          "version": "3.1.3",
          "resolved": "https://registry.npm.taobao.org/fast-deep-equal/download/fast-deep-equal-3.1.3.tgz?cache=0&sync_timestamp=1591599659970&other_urls=https%3A%2F%2Fregistry.npm.taobao.org%2Ffast-deep-equal%2Fdownload%2Ffast-deep-equal-3.1.3.tgz",
          "integrity": "sha1-On1WtVnWy8PrUSMlJE5hmmXGxSU="
        },
        "fast-json-stable-stringify": {
          "version": "2.1.0",
          "resolved": "https://registry.npm.taobao.org/fast-json-stable-stringify/download/fast-json-stable-stringify-2.1.0.tgz",
          "integrity": "sha1-h0v2nG9ATCtdmcSBNBOZ/VWJJjM="
        },
        "forever-agent": {
          "version": "0.6.1",
          "resolved": "https://registry.npm.taobao.org/forever-agent/download/forever-agent-0.6.1.tgz",
          "integrity": "sha1-+8cfDEGt6zf5bFd60e1C2P2sypE="
        },
        "form-data": {
          "version": "2.3.3",
          "resolved": "https://registry.npm.taobao.org/form-data/download/form-data-2.3.3.tgz",
          "integrity": "sha1-3M5SwF9kTymManq5Nr1yTO/786Y=",
          "requires": {
            "asynckit": "^0.4.0",
            "combined-stream": "^1.0.6",
            "mime-types": "^2.1.12"
          }
        },
        "getpass": {
          "version": "0.1.7",
          "resolved": "https://registry.npm.taobao.org/getpass/download/getpass-0.1.7.tgz",
          "integrity": "sha1-Xv+OPmhNVprkyysSgmBOi6YhSfo=",
          "requires": {
            "assert-plus": "^1.0.0"
          }
        },
        "har-schema": {
          "version": "2.0.0",
          "resolved": "https://registry.npm.taobao.org/har-schema/download/har-schema-2.0.0.tgz",
          "integrity": "sha1-qUwiJOvKwEeCoNkDVSHyRzW37JI="
        },
        "har-validator": {
          "version": "5.1.3",
          "resolved": "https://registry.npm.taobao.org/har-validator/download/har-validator-5.1.3.tgz",
          "integrity": "sha1-HvievT5JllV2de7ZiTEQ3DUPoIA=",
          "requires": {
            "ajv": "^6.5.5",
            "har-schema": "^2.0.0"
          }
        },
        "http-signature": {
          "version": "1.2.0",
          "resolved": "https://registry.npm.taobao.org/http-signature/download/http-signature-1.2.0.tgz",
          "integrity": "sha1-muzZJRFHcvPZW2WmCruPfBj7rOE=",
          "requires": {
            "assert-plus": "^1.0.0",
            "jsprim": "^1.2.2",
            "sshpk": "^1.7.0"
          }
        },
        "is-typedarray": {
          "version": "1.0.0",
          "resolved": "https://registry.npm.taobao.org/is-typedarray/download/is-typedarray-1.0.0.tgz",
          "integrity": "sha1-5HnICFjfDBsR3dppQPlgEfzaSpo="
        },
        "isstream": {
          "version": "0.1.2",
          "resolved": "https://registry.npm.taobao.org/isstream/download/isstream-0.1.2.tgz",
          "integrity": "sha1-R+Y/evVa+m+S4VAOaQ64uFKcCZo="
        },
        "jsbn": {
          "version": "0.1.1",
          "resolved": "https://registry.npm.taobao.org/jsbn/download/jsbn-0.1.1.tgz",
          "integrity": "sha1-peZUwuWi3rXyAdls77yoDA7y9RM="
        },
        "json-schema": {
          "version": "0.2.3",
          "resolved": "https://registry.npm.taobao.org/json-schema/download/json-schema-0.2.3.tgz",
          "integrity": "sha1-tIDIkuWaLwWVTOcnvT8qTogvnhM="
        },
        "json-schema-traverse": {
          "version": "0.4.1",
          "resolved": "https://registry.npm.taobao.org/json-schema-traverse/download/json-schema-traverse-0.4.1.tgz",
          "integrity": "sha1-afaofZUTq4u4/mO9sJecRI5oRmA="
        },
        "json-stringify-safe": {
          "version": "5.0.1",
          "resolved": "https://registry.npm.taobao.org/json-stringify-safe/download/json-stringify-safe-5.0.1.tgz?cache=0&sync_timestamp=1573614722142&other_urls=https%3A%2F%2Fregistry.npm.taobao.org%2Fjson-stringify-safe%2Fdownload%2Fjson-stringify-safe-5.0.1.tgz",
          "integrity": "sha1-Epai1Y/UXxmg9s4B1lcB4sc1tus="
        },
        "jsprim": {
          "version": "1.4.1",
          "resolved": "https://registry.npm.taobao.org/jsprim/download/jsprim-1.4.1.tgz",
          "integrity": "sha1-MT5mvB5cwG5Di8G3SZwuXFastqI=",
          "requires": {
            "assert-plus": "1.0.0",
            "extsprintf": "1.3.0",
            "json-schema": "0.2.3",
            "verror": "1.10.0"
          }
        },
        "mime-db": {
          "version": "1.44.0",
          "resolved": "https://registry.npm.taobao.org/mime-db/download/mime-db-1.44.0.tgz",
          "integrity": "sha1-+hHF6wrKEzS0Izy01S8QxaYnL5I="
        },
        "mime-types": {
          "version": "2.1.27",
          "resolved": "https://registry.npm.taobao.org/mime-types/download/mime-types-2.1.27.tgz",
          "integrity": "sha1-R5SfmOJ56lMRn1ci4PNOUpvsAJ8=",
          "requires": {
            "mime-db": "1.44.0"
          }
        },
        "oauth-sign": {
          "version": "0.9.0",
          "resolved": "https://registry.npm.taobao.org/oauth-sign/download/oauth-sign-0.9.0.tgz",
          "integrity": "sha1-R6ewFrqmi1+g7PPe4IqFxnmsZFU="
        },
        "performance-now": {
          "version": "2.1.0",
          "resolved": "https://registry.npm.taobao.org/performance-now/download/performance-now-2.1.0.tgz",
          "integrity": "sha1-Ywn04OX6kT7BxpMHrjZLSzd8nns="
        },
        "psl": {
          "version": "1.8.0",
          "resolved": "https://registry.npm.taobao.org/psl/download/psl-1.8.0.tgz",
          "integrity": "sha1-kyb4vPsBOtzABf3/BWrM4CDlHCQ="
        },
        "punycode": {
          "version": "2.1.1",
          "resolved": "https://registry.npm.taobao.org/punycode/download/punycode-2.1.1.tgz",
          "integrity": "sha1-tYsBCsQMIsVldhbI0sLALHv0eew="
        },
        "qs": {
          "version": "6.5.2",
          "resolved": "https://registry.npm.taobao.org/qs/download/qs-6.5.2.tgz",
          "integrity": "sha1-yzroBuh0BERYTvFUzo7pjUA/PjY="
        },
        "safe-buffer": {
          "version": "5.2.1",
          "resolved": "https://registry.npm.taobao.org/safe-buffer/download/safe-buffer-5.2.1.tgz?cache=0&sync_timestamp=1589129010497&other_urls=https%3A%2F%2Fregistry.npm.taobao.org%2Fsafe-buffer%2Fdownload%2Fsafe-buffer-5.2.1.tgz",
          "integrity": "sha1-Hq+fqb2x/dTsdfWPnNtOa3gn7sY="
        },
        "safer-buffer": {
          "version": "2.1.2",
          "resolved": "https://registry.npm.taobao.org/safer-buffer/download/safer-buffer-2.1.2.tgz",
          "integrity": "sha1-RPoWGwGHuVSd2Eu5GAL5vYOFzWo="
        },
        "sshpk": {
          "version": "1.16.1",
          "resolved": "https://registry.npm.taobao.org/sshpk/download/sshpk-1.16.1.tgz",
          "integrity": "sha1-+2YcC+8ps520B2nuOfpwCT1vaHc=",
          "requires": {
            "asn1": "~0.2.3",
            "assert-plus": "^1.0.0",
            "bcrypt-pbkdf": "^1.0.0",
            "dashdash": "^1.12.0",
            "ecc-jsbn": "~0.1.1",
            "getpass": "^0.1.1",
            "jsbn": "~0.1.0",
            "safer-buffer": "^2.0.2",
            "tweetnacl": "~0.14.0"
          }
        },
        "tough-cookie": {
          "version": "2.5.0",
          "resolved": "https://registry.npm.taobao.org/tough-cookie/download/tough-cookie-2.5.0.tgz?cache=0&sync_timestamp=1584645751908&other_urls=https%3A%2F%2Fregistry.npm.taobao.org%2Ftough-cookie%2Fdownload%2Ftough-cookie-2.5.0.tgz",
          "integrity": "sha1-zZ+yoKodWhK0c72fuW+j3P9lreI=",
          "requires": {
            "psl": "^1.1.28",
            "punycode": "^2.1.1"
          }
        },
        "tunnel-agent": {
          "version": "0.6.0",
          "resolved": "https://registry.npm.taobao.org/tunnel-agent/download/tunnel-agent-0.6.0.tgz",
          "integrity": "sha1-J6XeoGs2sEoKmWZ3SykIaPD8QP0=",
          "requires": {
            "safe-buffer": "^5.0.1"
          }
        },
        "tweetnacl": {
          "version": "0.14.5",
          "resolved": "https://registry.npm.taobao.org/tweetnacl/download/tweetnacl-0.14.5.tgz?cache=0&sync_timestamp=1581364183265&other_urls=https%3A%2F%2Fregistry.npm.taobao.org%2Ftweetnacl%2Fdownload%2Ftweetnacl-0.14.5.tgz",
          "integrity": "sha1-WuaBd/GS1EViadEIr6k/+HQ/T2Q="
        },
        "uri-js": {
          "version": "4.2.2",
          "resolved": "https://registry.npm.taobao.org/uri-js/download/uri-js-4.2.2.tgz",
          "integrity": "sha1-lMVA4f93KVbiKZUHwBCupsiDjrA=",
          "requires": {
            "punycode": "^2.1.0"
          }
        },
        "uuid": {
          "version": "3.4.0",
          "resolved": "https://registry.npm.taobao.org/uuid/download/uuid-3.4.0.tgz?cache=0&sync_timestamp=1592944478813&other_urls=https%3A%2F%2Fregistry.npm.taobao.org%2Fuuid%2Fdownload%2Fuuid-3.4.0.tgz",
          "integrity": "sha1-sj5DWK+oogL+ehAK8fX4g/AgB+4="
        },
        "verror": {
          "version": "1.10.0",
          "resolved": "https://registry.npm.taobao.org/verror/download/verror-1.10.0.tgz",
          "integrity": "sha1-OhBcoXBTr1XW4nDB+CiGguGNpAA=",
          "requires": {
            "assert-plus": "^1.0.0",
            "core-util-is": "1.0.2",
            "extsprintf": "^1.2.0"
          }
        }
      }
    },
    "request-progress": {
      "version": "3.0.0",
      "requires": {
        "throttleit": "^1.0.0"
      },
      "dependencies": {
        "throttleit": {
          "version": "1.0.0",
          "resolved": "https://registry.npm.taobao.org/throttleit/download/throttleit-1.0.0.tgz",
          "integrity": "sha1-nnhYNtr0Z0MUWlmEtiaNgoUorGw="
        }
      }
    },
    "shebang-command": {
      "version": "2.0.0",
      "resolved": "https://registry.npm.taobao.org/shebang-command/download/shebang-command-2.0.0.tgz?cache=0&other_urls=https%3A%2F%2Fregistry.npm.taobao.org%2Fshebang-command%2Fdownload%2Fshebang-command-2.0.0.tgz",
      "integrity": "sha1-zNCvT4g1+9wmW4JGGq8MNmY/NOo=",
      "requires": {
        "shebang-regex": "^3.0.0"
      }
    },
    "shebang-regex": {
      "version": "3.0.0",
      "resolved": "https://registry.npm.taobao.org/shebang-regex/download/shebang-regex-3.0.0.tgz",
      "integrity": "sha1-rhbxZE2HPsrYQ7AwexQzYtTEIXI="
    },
    "signal-exit": {
      "version": "3.0.3",
      "resolved": "https://registry.npm.taobao.org/signal-exit/download/signal-exit-3.0.3.tgz",
      "integrity": "sha1-oUEMLt2PB3sItOJTyOrPyvBXRhw="
    },
    "strip-final-newline": {
      "version": "2.0.0",
      "resolved": "https://registry.npm.taobao.org/strip-final-newline/download/strip-final-newline-2.0.0.tgz",
      "integrity": "sha1-ibhS+y/L6Tb29LMYevsKEsGrWK0="
    },
    "supports-color": {
      "version": "5.5.0",
      "resolved": "https://registry.npm.taobao.org/supports-color/download/supports-color-5.5.0.tgz?cache=0&sync_timestamp=1598611719015&other_urls=https%3A%2F%2Fregistry.npm.taobao.org%2Fsupports-color%2Fdownload%2Fsupports-color-5.5.0.tgz",
      "integrity": "sha1-4uaaRKyHcveKHsCzW2id9lMO/I8=",
      "requires": {
        "has-flag": "^3.0.0"
      }
    },
    "typescript": {
      "version": "3.9.5",
      "dev": true
    },
    "which": {
      "version": "2.0.2",
      "resolved": "https://registry.npm.taobao.org/which/download/which-2.0.2.tgz",
      "integrity": "sha1-fGqN0KY2oDJ+ELWckobu6T8/UbE=",
      "requires": {
        "isexe": "^2.0.0"
      }
    },
    "wrappy": {
      "version": "1.0.2",
      "resolved": "https://registry.npm.taobao.org/wrappy/download/wrappy-1.0.2.tgz",
      "integrity": "sha1-tSQ9jz7BqjXxNkYFvA0QNuMKtp8="
    },
    "zip-lib": {
      "version": "0.7.1",
      "requires": {
        "yauzl": "^2.10.0",
        "yazl": "^2.5.1"
      },
      "dependencies": {
        "buffer-crc32": {
          "version": "0.2.13",
          "resolved": "https://registry.npm.taobao.org/buffer-crc32/download/buffer-crc32-0.2.13.tgz",
          "integrity": "sha1-DTM+PwDqxQqhRUq9MO+MKl2ackI="
        },
        "fd-slicer": {
          "version": "1.1.0",
          "resolved": "https://registry.npm.taobao.org/fd-slicer/download/fd-slicer-1.1.0.tgz",
          "integrity": "sha1-JcfInLH5B3+IkbvmHY85Dq4lbx4=",
          "requires": {
            "pend": "~1.2.0"
          }
        },
        "pend": {
          "version": "1.2.0",
          "resolved": "https://registry.npm.taobao.org/pend/download/pend-1.2.0.tgz",
          "integrity": "sha1-elfrVQpng/kRUzH89GY9XI4AelA="
        },
        "yauzl": {
          "version": "2.10.0",
          "resolved": "https://registry.npm.taobao.org/yauzl/download/yauzl-2.10.0.tgz",
          "integrity": "sha1-x+sXyT4RLLEIb6bY5R+wZnt5pfk=",
          "requires": {
            "buffer-crc32": "~0.2.3",
            "fd-slicer": "~1.1.0"
          }
        },
        "yazl": {
          "version": "2.5.1",
          "resolved": "https://registry.npm.taobao.org/yazl/download/yazl-2.5.1.tgz",
          "integrity": "sha1-o9ZdPdZZpbCTeFDoYJ8i//orXDU=",
          "requires": {
            "buffer-crc32": "~0.2.3"
          }
        }
      }
    }
  }
}
